Microsoft Visual Studio Solution File, Format Version 11.00
# Visual Studio 2008

Project("{40F73210-237F-86EB-EAFA-69C6344AFB70}") = "unity_files", "Assembly-CSharp.csproj", "{E0222445-77FC-6516-AB57-2E06A5CD0F18}"
EndProject
Project("{40F73210-237F-86EB-EAFA-69C6344AFB70}") = "unity_files", "Assembly-CSharp-Editor.csproj", "{91E966AB-D1F3-BF26-9C43-E73534BD252A}"
EndProject
Global
	GlobalSection(SolutionConfigurationPlatforms) = preSolution
		Debug|Any CPU = Debug|Any CPU
		Release|Any CPU = Release|Any CPU
	EndGlobalSection
	GlobalSection(ProjectConfigurationPlatforms) = postSolution
		{E0222445-77FC-6516-AB57-2E06A5CD0F18}.Debug|Any CPU.ActiveCfg = Debug|Any CPU
		{E0222445-77FC-6516-AB57-2E06A5CD0F18}.Debug|Any CPU.Build.0 = Debug|Any CPU
		{E0222445-77FC-6516-AB57-2E06A5CD0F18}.Release|Any CPU.ActiveCfg = Release|Any CPU
		{E0222445-77FC-6516-AB57-2E06A5CD0F18}.Release|Any CPU.Build.0 = Release|Any CPU
		{91E966AB-D1F3-BF26-9C43-E73534BD252A}.Debug|Any CPU.ActiveCfg = Debug|Any CPU
		{91E966AB-D1F3-BF26-9C43-E73534BD252A}.Debug|Any CPU.Build.0 = Debug|Any CPU
		{91E966AB-D1F3-BF26-9C43-E73534BD252A}.Release|Any CPU.ActiveCfg = Release|Any CPU
		{91E966AB-D1F3-BF26-9C43-E73534BD252A}.Release|Any CPU.Build.0 = Release|Any CPU
	EndGlobalSection
	GlobalSection(SolutionProperties) = preSolution
		HideSolutionNode = FALSE
	EndGlobalSection
																																																												GlobalSection(MonoDevelopProperties) = preSolution
		StartupItem = Assembly-CSharp.csproj
		Policies = $0
		$0.TextStylePolicy = $1
		$1.inheritsSet = null
		$1.scope = text/x-csharp
		$0.CSharpFormattingPolicy = $2
		$2.inheritsSet = Mono
		$2.inheritsScope = text/x-csharp
		$2.scope = text/x-csharp
		$0.TextStylePolicy = $3
		$3.FileWidth = 120
		$3.TabWidth = 4
		$3.IndentWidth = 4
		$3.EolMarker = Unix
		$3.inheritsSet = Mono
		$3.inheritsScope = text/plain
		$3.scope = text/plain
	EndGlobalSection

EndGlobal
